// !$*UTF8*$!
{
	archiveVersion = 1;
	classes = {
	};
	objectVersion = 55;
	objects = {

/* Begin PBXBuildFile section */
		3F4046472895D08E00A1A3E0 /* AppDelegate.swift in Sources */ = {isa = PBXBuildFile; fileRef = 3F4046462895D08E00A1A3E0 /* AppDelegate.swift */; };
		3F4046492895D08E00A1A3E0 /* SceneDelegate.swift in Sources */ = {isa = PBXBuildFile; fileRef = 3F4046482895D08E00A1A3E0 /* SceneDelegate.swift */; };
		3F40464B2895D08E00A1A3E0 /* ShowsListViewControllerViewController.swift in Sources */ = {isa = PBXBuildFile; fileRef = 3F40464A2895D08E00A1A3E0 /* ShowsListViewControllerViewController.swift */; };
		3F4046502895D09000A1A3E0 /* Assets.xcassets in Resources */ = {isa = PBXBuildFile; fileRef = 3F40464F2895D09000A1A3E0 /* Assets.xcassets */; };
		3F4046532895D09000A1A3E0 /* LaunchScreen.storyboard in Resources */ = {isa = PBXBuildFile; fileRef = 3F4046512895D09000A1A3E0 /* LaunchScreen.storyboard */; };
		3F4046832895D69C00A1A3E0 /* AmazingNetwork.framework in Frameworks */ = {isa = PBXBuildFile; fileRef = 3F40467B2895D69C00A1A3E0 /* AmazingNetwork.framework */; };
		3F40468A2895D69C00A1A3E0 /* AmazingNetworkTests.swift in Sources */ = {isa = PBXBuildFile; fileRef = 3F4046892895D69C00A1A3E0 /* AmazingNetworkTests.swift */; };
		3F40468B2895D69C00A1A3E0 /* AmazingNetwork.h in Headers */ = {isa = PBXBuildFile; fileRef = 3F40467D2895D69C00A1A3E0 /* AmazingNetwork.h */; settings = {ATTRIBUTES = (Public, ); }; };
		3F40468E2895D69C00A1A3E0 /* AmazingNetwork.framework in Frameworks */ = {isa = PBXBuildFile; fileRef = 3F40467B2895D69C00A1A3E0 /* AmazingNetwork.framework */; };
		3F40468F2895D69C00A1A3E0 /* AmazingNetwork.framework in Embed Frameworks */ = {isa = PBXBuildFile; fileRef = 3F40467B2895D69C00A1A3E0 /* AmazingNetwork.framework */; settings = {ATTRIBUTES = (CodeSignOnCopy, RemoveHeadersOnCopy, ); }; };
		3F40469E2895D8D100A1A3E0 /* URLSession+DataTaskResult.swift in Sources */ = {isa = PBXBuildFile; fileRef = 3F40469D2895D8D100A1A3E0 /* URLSession+DataTaskResult.swift */; };
		3F4046A02895D8D700A1A3E0 /* HTTPMethod.swift in Sources */ = {isa = PBXBuildFile; fileRef = 3F4046992895D76D00A1A3E0 /* HTTPMethod.swift */; };
		3F4046A12895D8DD00A1A3E0 /* Endpoint.swift in Sources */ = {isa = PBXBuildFile; fileRef = 3F40469B2895D7AF00A1A3E0 /* Endpoint.swift */; };
		3F4046A32895D98F00A1A3E0 /* RequestBuilder.swift in Sources */ = {isa = PBXBuildFile; fileRef = 3F4046A22895D98F00A1A3E0 /* RequestBuilder.swift */; };
		3F4046A52895D9E800A1A3E0 /* NetworkService.swift in Sources */ = {isa = PBXBuildFile; fileRef = 3F4046A42895D9E800A1A3E0 /* NetworkService.swift */; };
		3F4046A62895DEB200A1A3E0 /* AmazingAppTests.swift in Sources */ = {isa = PBXBuildFile; fileRef = 3F40465D2895D09000A1A3E0 /* AmazingAppTests.swift */; };
		3F4046AA2895F4AB00A1A3E0 /* Decoding.swift in Sources */ = {isa = PBXBuildFile; fileRef = 3F4046A92895F4AB00A1A3E0 /* Decoding.swift */; };
/* End PBXBuildFile section */

/* Begin PBXContainerItemProxy section */
		3F40465A2895D09000A1A3E0 /* PBXContainerItemProxy */ = {
			isa = PBXContainerItemProxy;
			containerPortal = 3F40463B2895D08E00A1A3E0 /* Project object */;
			proxyType = 1;
			remoteGlobalIDString = 3F4046422895D08E00A1A3E0;
			remoteInfo = AmazingApp;
		};
		3F4046842895D69C00A1A3E0 /* PBXContainerItemProxy */ = {
			isa = PBXContainerItemProxy;
			containerPortal = 3F40463B2895D08E00A1A3E0 /* Project object */;
			proxyType = 1;
			remoteGlobalIDString = 3F40467A2895D69C00A1A3E0;
			remoteInfo = AmazingNetwork;
		};
		3F4046862895D69C00A1A3E0 /* PBXContainerItemProxy */ = {
			isa = PBXContainerItemProxy;
			containerPortal = 3F40463B2895D08E00A1A3E0 /* Project object */;
			proxyType = 1;
			remoteGlobalIDString = 3F4046422895D08E00A1A3E0;
			remoteInfo = AmazingApp;
		};
		3F40468C2895D69C00A1A3E0 /* PBXContainerItemProxy */ = {
			isa = PBXContainerItemProxy;
			containerPortal = 3F40463B2895D08E00A1A3E0 /* Project object */;
			proxyType = 1;
			remoteGlobalIDString = 3F40467A2895D69C00A1A3E0;
			remoteInfo = AmazingNetwork;
		};
/* End PBXContainerItemProxy section */

/* Begin PBXCopyFilesBuildPhase section */
		3F4046902895D69C00A1A3E0 /* Embed Frameworks */ = {
			isa = PBXCopyFilesBuildPhase;
			buildActionMask = 2147483647;
			dstPath = "";
			dstSubfolderSpec = 10;
			files = (
				3F40468F2895D69C00A1A3E0 /* AmazingNetwork.framework in Embed Frameworks */,
			);
			name = "Embed Frameworks";
			runOnlyForDeploymentPostprocessing = 0;
		};
/* End PBXCopyFilesBuildPhase section */

/* Begin PBXFileReference section */
		3F4046432895D08E00A1A3E0 /* AmazingApp.app */ = {isa = PBXFileReference; explicitFileType = wrapper.application; includeInIndex = 0; path = AmazingApp.app; sourceTree = BUILT_PRODUCTS_DIR; };
		3F4046462895D08E00A1A3E0 /* AppDelegate.swift */ = {isa = PBXFileReference; lastKnownFileType = sourcecode.swift; path = AppDelegate.swift; sourceTree = "<group>"; };
		3F4046482895D08E00A1A3E0 /* SceneDelegate.swift */ = {isa = PBXFileReference; lastKnownFileType = sourcecode.swift; path = SceneDelegate.swift; sourceTree = "<group>"; };
		3F40464A2895D08E00A1A3E0 /* ShowsListViewControllerViewController.swift */ = {isa = PBXFileReference; lastKnownFileType = sourcecode.swift; path = ShowsListViewControllerViewController.swift; sourceTree = "<group>"; };
		3F40464F2895D09000A1A3E0 /* Assets.xcassets */ = {isa = PBXFileReference; lastKnownFileType = folder.assetcatalog; path = Assets.xcassets; sourceTree = "<group>"; };
		3F4046522895D09000A1A3E0 /* Base */ = {isa = PBXFileReference; lastKnownFileType = file.storyboard; name = Base; path = Base.lproj/LaunchScreen.storyboard; sourceTree = "<group>"; };
		3F4046542895D09000A1A3E0 /* Info.plist */ = {isa = PBXFileReference; lastKnownFileType = text.plist.xml; path = Info.plist; sourceTree = "<group>"; };
		3F4046592895D09000A1A3E0 /* AmazingAppTests.xctest */ = {isa = PBXFileReference; explicitFileType = wrapper.cfbundle; includeInIndex = 0; path = AmazingAppTests.xctest; sourceTree = BUILT_PRODUCTS_DIR; };
		3F40465D2895D09000A1A3E0 /* AmazingAppTests.swift */ = {isa = PBXFileReference; lastKnownFileType = sourcecode.swift; path = AmazingAppTests.swift; sourceTree = "<group>"; };
		3F40467B2895D69C00A1A3E0 /* AmazingNetwork.framework */ = {isa = PBXFileReference; explicitFileType = wrapper.framework; includeInIndex = 0; path = AmazingNetwork.framework; sourceTree = BUILT_PRODUCTS_DIR; };
		3F40467D2895D69C00A1A3E0 /* AmazingNetwork.h */ = {isa = PBXFileReference; lastKnownFileType = sourcecode.c.h; path = AmazingNetwork.h; sourceTree = "<group>"; };
		3F4046822895D69C00A1A3E0 /* AmazingNetworkTests.xctest */ = {isa = PBXFileReference; explicitFileType = wrapper.cfbundle; includeInIndex = 0; path = AmazingNetworkTests.xctest; sourceTree = BUILT_PRODUCTS_DIR; };
		3F4046892895D69C00A1A3E0 /* AmazingNetworkTests.swift */ = {isa = PBXFileReference; lastKnownFileType = sourcecode.swift; path = AmazingNetworkTests.swift; sourceTree = "<group>"; };
		3F4046992895D76D00A1A3E0 /* HTTPMethod.swift */ = {isa = PBXFileReference; lastKnownFileType = sourcecode.swift; path = HTTPMethod.swift; sourceTree = "<group>"; };
		3F40469B2895D7AF00A1A3E0 /* Endpoint.swift */ = {isa = PBXFileReference; lastKnownFileType = sourcecode.swift; path = Endpoint.swift; sourceTree = "<group>"; };
		3F40469D2895D8D100A1A3E0 /* URLSession+DataTaskResult.swift */ = {isa = PBXFileReference; lastKnownFileType = sourcecode.swift; path = "URLSession+DataTaskResult.swift"; sourceTree = "<group>"; };
		3F4046A22895D98F00A1A3E0 /* RequestBuilder.swift */ = {isa = PBXFileReference; lastKnownFileType = sourcecode.swift; path = RequestBuilder.swift; sourceTree = "<group>"; };
		3F4046A42895D9E800A1A3E0 /* NetworkService.swift */ = {isa = PBXFileReference; lastKnownFileType = sourcecode.swift; path = NetworkService.swift; sourceTree = "<group>"; };
		3F4046A92895F4AB00A1A3E0 /* Decoding.swift */ = {isa = PBXFileReference; lastKnownFileType = sourcecode.swift; path = Decoding.swift; sourceTree = "<group>"; };
/* End PBXFileReference section */

/* Begin PBXFrameworksBuildPhase section */
		3F4046402895D08E00A1A3E0 /* Frameworks */ = {
			isa = PBXFrameworksBuildPhase;
			buildActionMask = 2147483647;
			files = (
				3F40468E2895D69C00A1A3E0 /* AmazingNetwork.framework in Frameworks */,
			);
			runOnlyForDeploymentPostprocessing = 0;
		};
		3F4046562895D09000A1A3E0 /* Frameworks */ = {
			isa = PBXFrameworksBuildPhase;
			buildActionMask = 2147483647;
			files = (
			);
			runOnlyForDeploymentPostprocessing = 0;
		};
		3F4046782895D69C00A1A3E0 /* Frameworks */ = {
			isa = PBXFrameworksBuildPhase;
			buildActionMask = 2147483647;
			files = (
			);
			runOnlyForDeploymentPostprocessing = 0;
		};
		3F40467F2895D69C00A1A3E0 /* Frameworks */ = {
			isa = PBXFrameworksBuildPhase;
			buildActionMask = 2147483647;
			files = (
				3F4046832895D69C00A1A3E0 /* AmazingNetwork.framework in Frameworks */,
			);
			runOnlyForDeploymentPostprocessing = 0;
		};
/* End PBXFrameworksBuildPhase section */

/* Begin PBXGroup section */
		3F40463A2895D08E00A1A3E0 = {
			isa = PBXGroup;
			children = (
				3F4046452895D08E00A1A3E0 /* AmazingApp */,
				3F40465C2895D09000A1A3E0 /* AmazingAppTests */,
				3F40467C2895D69C00A1A3E0 /* AmazingNetwork */,
				3F4046882895D69C00A1A3E0 /* AmazingNetworkTests */,
				3F4046442895D08E00A1A3E0 /* Products */,
			);
			sourceTree = "<group>";
		};
		3F4046442895D08E00A1A3E0 /* Products */ = {
			isa = PBXGroup;
			children = (
				3F4046432895D08E00A1A3E0 /* AmazingApp.app */,
				3F4046592895D09000A1A3E0 /* AmazingAppTests.xctest */,
				3F40467B2895D69C00A1A3E0 /* AmazingNetwork.framework */,
				3F4046822895D69C00A1A3E0 /* AmazingNetworkTests.xctest */,
			);
			name = Products;
			sourceTree = "<group>";
		};
		3F4046452895D08E00A1A3E0 /* AmazingApp */ = {
			isa = PBXGroup;
			children = (
				3F4046AB28960AA600A1A3E0 /* ShowsList */,
				3F4046462895D08E00A1A3E0 /* AppDelegate.swift */,
				3F4046482895D08E00A1A3E0 /* SceneDelegate.swift */,
				3F40464F2895D09000A1A3E0 /* Assets.xcassets */,
				3F4046512895D09000A1A3E0 /* LaunchScreen.storyboard */,
				3F4046542895D09000A1A3E0 /* Info.plist */,
			);
			path = AmazingApp;
			sourceTree = "<group>";
		};
		3F40465C2895D09000A1A3E0 /* AmazingAppTests */ = {
			isa = PBXGroup;
			children = (
				3F40465D2895D09000A1A3E0 /* AmazingAppTests.swift */,
			);
			path = AmazingAppTests;
			sourceTree = "<group>";
		};
		3F40467C2895D69C00A1A3E0 /* AmazingNetwork */ = {
			isa = PBXGroup;
			children = (
				3F40467D2895D69C00A1A3E0 /* AmazingNetwork.h */,
				3F4046992895D76D00A1A3E0 /* HTTPMethod.swift */,
				3F40469B2895D7AF00A1A3E0 /* Endpoint.swift */,
				3F40469D2895D8D100A1A3E0 /* URLSession+DataTaskResult.swift */,
				3F4046A22895D98F00A1A3E0 /* RequestBuilder.swift */,
				3F4046A42895D9E800A1A3E0 /* NetworkService.swift */,
				3F4046A92895F4AB00A1A3E0 /* Decoding.swift */,
			);
			path = AmazingNetwork;
			sourceTree = "<group>";
		};
		3F4046882895D69C00A1A3E0 /* AmazingNetworkTests */ = {
			isa = PBXGroup;
			children = (
				3F4046892895D69C00A1A3E0 /* AmazingNetworkTests.swift */,
			);
			path = AmazingNetworkTests;
			sourceTree = "<group>";
		};
		3F4046AB28960AA600A1A3E0 /* ShowsList */ = {
			isa = PBXGroup;
			children = (
				3F40464A2895D08E00A1A3E0 /* ShowsListViewControllerViewController.swift */,
			);
			path = ShowsList;
			sourceTree = "<group>";
		};
/* End PBXGroup section */

/* Begin PBXHeadersBuildPhase section */
		3F4046762895D69C00A1A3E0 /* Headers */ = {
			isa = PBXHeadersBuildPhase;
			buildActionMask = 2147483647;
			files = (
				3F40468B2895D69C00A1A3E0 /* AmazingNetwork.h in Headers */,
			);
			runOnlyForDeploymentPostprocessing = 0;
		};
/* End PBXHeadersBuildPhase section */

/* Begin PBXNativeTarget section */
		3F4046422895D08E00A1A3E0 /* AmazingApp */ = {
			isa = PBXNativeTarget;
			buildConfigurationList = 3F40466D2895D09000A1A3E0 /* Build configuration list for PBXNativeTarget "AmazingApp" */;
			buildPhases = (
				3F40463F2895D08E00A1A3E0 /* Sources */,
				3F4046402895D08E00A1A3E0 /* Frameworks */,
				3F4046412895D08E00A1A3E0 /* Resources */,
				3F4046902895D69C00A1A3E0 /* Embed Frameworks */,
			);
			buildRules = (
			);
			dependencies = (
				3F40468D2895D69C00A1A3E0 /* PBXTargetDependency */,
			);
			name = AmazingApp;
			productName = AmazingApp;
			productReference = 3F4046432895D08E00A1A3E0 /* AmazingApp.app */;
			productType = "com.apple.product-type.application";
		};
		3F4046582895D09000A1A3E0 /* AmazingAppTests */ = {
			isa = PBXNativeTarget;
			buildConfigurationList = 3F4046702895D09000A1A3E0 /* Build configuration list for PBXNativeTarget "AmazingAppTests" */;
			buildPhases = (
				3F4046552895D09000A1A3E0 /* Sources */,
				3F4046562895D09000A1A3E0 /* Frameworks */,
				3F4046572895D09000A1A3E0 /* Resources */,
			);
			buildRules = (
			);
			dependencies = (
				3F40465B2895D09000A1A3E0 /* PBXTargetDependency */,
			);
			name = AmazingAppTests;
			productName = AmazingAppTests;
			productReference = 3F4046592895D09000A1A3E0 /* AmazingAppTests.xctest */;
			productType = "com.apple.product-type.bundle.unit-test";
		};
		3F40467A2895D69C00A1A3E0 /* AmazingNetwork */ = {
			isa = PBXNativeTarget;
			buildConfigurationList = 3F4046952895D69C00A1A3E0 /* Build configuration list for PBXNativeTarget "AmazingNetwork" */;
			buildPhases = (
				3F4046762895D69C00A1A3E0 /* Headers */,
				3F4046772895D69C00A1A3E0 /* Sources */,
				3F4046782895D69C00A1A3E0 /* Frameworks */,
				3F4046792895D69C00A1A3E0 /* Resources */,
			);
			buildRules = (
			);
			dependencies = (
			);
			name = AmazingNetwork;
			productName = AmazingNetwork;
			productReference = 3F40467B2895D69C00A1A3E0 /* AmazingNetwork.framework */;
			productType = "com.apple.product-type.framework";
		};
		3F4046812895D69C00A1A3E0 /* AmazingNetworkTests */ = {
			isa = PBXNativeTarget;
			buildConfigurationList = 3F4046962895D69C00A1A3E0 /* Build configuration list for PBXNativeTarget "AmazingNetworkTests" */;
			buildPhases = (
				3F40467E2895D69C00A1A3E0 /* Sources */,
				3F40467F2895D69C00A1A3E0 /* Frameworks */,
				3F4046802895D69C00A1A3E0 /* Resources */,
			);
			buildRules = (
			);
			dependencies = (
				3F4046852895D69C00A1A3E0 /* PBXTargetDependency */,
				3F4046872895D69C00A1A3E0 /* PBXTargetDependency */,
			);
			name = AmazingNetworkTests;
			productName = AmazingNetworkTests;
			productReference = 3F4046822895D69C00A1A3E0 /* AmazingNetworkTests.xctest */;
			productType = "com.apple.product-type.bundle.unit-test";
		};
/* End PBXNativeTarget section */

/* Begin PBXProject section */
		3F40463B2895D08E00A1A3E0 /* Project object */ = {
			isa = PBXProject;
			attributes = {
				BuildIndependentTargetsInParallel = 1;
				LastSwiftUpdateCheck = 1330;
				LastUpgradeCheck = 1330;
				TargetAttributes = {
					3F4046422895D08E00A1A3E0 = {
						CreatedOnToolsVersion = 13.3.1;
					};
					3F4046582895D09000A1A3E0 = {
						CreatedOnToolsVersion = 13.3.1;
						TestTargetID = 3F4046422895D08E00A1A3E0;
					};
					3F40467A2895D69C00A1A3E0 = {
						CreatedOnToolsVersion = 13.3.1;
						LastSwiftMigration = 1330;
					};
					3F4046812895D69C00A1A3E0 = {
						CreatedOnToolsVersion = 13.3.1;
						TestTargetID = 3F4046422895D08E00A1A3E0;
					};
				};
			};
			buildConfigurationList = 3F40463E2895D08E00A1A3E0 /* Build configuration list for PBXProject "AmazingApp" */;
			compatibilityVersion = "Xcode 13.0";
			developmentRegion = en;
			hasScannedForEncodings = 0;
			knownRegions = (
				en,
				Base,
			);
			mainGroup = 3F40463A2895D08E00A1A3E0;
			productRefGroup = 3F4046442895D08E00A1A3E0 /* Products */;
			projectDirPath = "";
			projectRoot = "";
			targets = (
				3F4046422895D08E00A1A3E0 /* AmazingApp */,
				3F4046582895D09000A1A3E0 /* AmazingAppTests */,
				3F40467A2895D69C00A1A3E0 /* AmazingNetwork */,
				3F4046812895D69C00A1A3E0 /* AmazingNetworkTests */,
			);
		};
/* End PBXProject section */

/* Begin PBXResourcesBuildPhase section */
		3F4046412895D08E00A1A3E0 /* Resources */ = {
			isa = PBXResourcesBuildPhase;
			buildActionMask = 2147483647;
			files = (
				3F4046532895D09000A1A3E0 /* LaunchScreen.storyboard in Resources */,
				3F4046502895D09000A1A3E0 /* Assets.xcassets in Resources */,
			);
			runOnlyForDeploymentPostprocessing = 0;
		};
		3F4046572895D09000A1A3E0 /* Resources */ = {
			isa = PBXResourcesBuildPhase;
			buildActionMask = 2147483647;
			files = (
			);
			runOnlyForDeploymentPostprocessing = 0;
		};
		3F4046792895D69C00A1A3E0 /* Resources */ = {
			isa = PBXResourcesBuildPhase;
			buildActionMask = 2147483647;
			files = (
			);
			runOnlyForDeploymentPostprocessing = 0;
		};
		3F4046802895D69C00A1A3E0 /* Resources */ = {
			isa = PBXResourcesBuildPhase;
			buildActionMask = 2147483647;
			files = (
			);
			runOnlyForDeploymentPostprocessing = 0;
		};
/* End PBXResourcesBuildPhase section */

/* Begin PBXSourcesBuildPhase section */
		3F40463F2895D08E00A1A3E0 /* Sources */ = {
			isa = PBXSourcesBuildPhase;
			buildActionMask = 2147483647;
			files = (
				3F40464B2895D08E00A1A3E0 /* ShowsListViewControllerViewController.swift in Sources */,
				3F4046472895D08E00A1A3E0 /* AppDelegate.swift in Sources */,
				3F4046492895D08E00A1A3E0 /* SceneDelegate.swift in Sources */,
			);
			runOnlyForDeploymentPostprocessing = 0;
		};
		3F4046552895D09000A1A3E0 /* Sources */ = {
			isa = PBXSourcesBuildPhase;
			buildActionMask = 2147483647;
			files = (
				3F4046A62895DEB200A1A3E0 /* AmazingAppTests.swift in Sources */,
			);
			runOnlyForDeploymentPostprocessing = 0;
		};
		3F4046772895D69C00A1A3E0 /* Sources */ = {
			isa = PBXSourcesBuildPhase;
			buildActionMask = 2147483647;
			files = (
				3F4046A32895D98F00A1A3E0 /* RequestBuilder.swift in Sources */,
				3F40469E2895D8D100A1A3E0 /* URLSession+DataTaskResult.swift in Sources */,
				3F4046A12895D8DD00A1A3E0 /* Endpoint.swift in Sources */,
				3F4046A52895D9E800A1A3E0 /* NetworkService.swift in Sources */,
				3F4046AA2895F4AB00A1A3E0 /* Decoding.swift in Sources */,
				3F4046A02895D8D700A1A3E0 /* HTTPMethod.swift in Sources */,
			);
			runOnlyForDeploymentPostprocessing = 0;
		};
		3F40467E2895D69C00A1A3E0 /* Sources */ = {
			isa = PBXSourcesBuildPhase;
			buildActionMask = 2147483647;
			files = (
				3F40468A2895D69C00A1A3E0 /* AmazingNetworkTests.swift in Sources */,
			);
			runOnlyForDeploymentPostprocessing = 0;
		};
/* End PBXSourcesBuildPhase section */

/* Begin PBXTargetDependency section */
		3F40465B2895D09000A1A3E0 /* PBXTargetDependency */ = {
			isa = PBXTargetDependency;
			target = 3F4046422895D08E00A1A3E0 /* AmazingApp */;
			targetProxy = 3F40465A2895D09000A1A3E0 /* PBXContainerItemProxy */;
		};
		3F4046852895D69C00A1A3E0 /* PBXTargetDependency */ = {
			isa = PBXTargetDependency;
			target = 3F40467A2895D69C00A1A3E0 /* AmazingNetwork */;
			targetProxy = 3F4046842895D69C00A1A3E0 /* PBXContainerItemProxy */;
		};
		3F4046872895D69C00A1A3E0 /* PBXTargetDependency */ = {
			isa = PBXTargetDependency;
			target = 3F4046422895D08E00A1A3E0 /* AmazingApp */;
			targetProxy = 3F4046862895D69C00A1A3E0 /* PBXContainerItemProxy */;
		};
		3F40468D2895D69C00A1A3E0 /* PBXTargetDependency */ = {
			isa = PBXTargetDependency;
			target = 3F40467A2895D69C00A1A3E0 /* AmazingNetwork */;
			targetProxy = 3F40468C2895D69C00A1A3E0 /* PBXContainerItemProxy */;
		};
/* End PBXTargetDependency section */

/* Begin PBXVariantGroup section */
		3F4046512895D09000A1A3E0 /* LaunchScreen.storyboard */ = {
			isa = PBXVariantGroup;
			children = (
				3F4046522895D09000A1A3E0 /* Base */,
			);
			name = LaunchScreen.storyboard;
			sourceTree = "<group>";
		};
/* End PBXVariantGroup section */

/* Begin XCBuildConfiguration section */
		3F40466B2895D09000A1A3E0 /* Debug */ = {
			isa = XCBuildConfiguration;
			buildSettings = {
				ALWAYS_SEARCH_USER_PATHS = NO;
				CLANG_ANALYZER_NONNULL = YES;
				CLANG_ANALYZER_NUMBER_OBJECT_CONVERSION = YES_AGGRESSIVE;
				CLANG_CXX_LANGUAGE_STANDARD = "gnu++17";
				CLANG_ENABLE_MODULES = YES;
				CLANG_ENABLE_OBJC_ARC = YES;
				CLANG_ENABLE_OBJC_WEAK = YES;
				CLANG_WARN_BLOCK_CAPTURE_AUTORELEASING = YES;
				CLANG_WARN_BOOL_CONVERSION = YES;
				CLANG_WARN_COMMA = YES;
				CLANG_WARN_CONSTANT_CONVERSION = YES;
				CLANG_WARN_DEPRECATED_OBJC_IMPLEMENTATIONS = YES;
				CLANG_WARN_DIRECT_OBJC_ISA_USAGE = YES_ERROR;
				CLANG_WARN_DOCUMENTATION_COMMENTS = YES;
				CLANG_WARN_EMPTY_BODY = YES;
				CLANG_WARN_ENUM_CONVERSION = YES;
				CLANG_WARN_INFINITE_RECURSION = YES;
				CLANG_WARN_INT_CONVERSION = YES;
				CLANG_WARN_NON_LITERAL_NULL_CONVERSION = YES;
				CLANG_WARN_OBJC_IMPLICIT_RETAIN_SELF = YES;
				CLANG_WARN_OBJC_LITERAL_CONVERSION = YES;
				CLANG_WARN_OBJC_ROOT_CLASS = YES_ERROR;
				CLANG_WARN_QUOTED_INCLUDE_IN_FRAMEWORK_HEADER = YES;
				CLANG_WARN_RANGE_LOOP_ANALYSIS = YES;
				CLANG_WARN_STRICT_PROTOTYPES = YES;
				CLANG_WARN_SUSPICIOUS_MOVE = YES;
				CLANG_WARN_UNGUARDED_AVAILABILITY = YES_AGGRESSIVE;
				CLANG_WARN_UNREACHABLE_CODE = YES;
				CLANG_WARN__DUPLICATE_METHOD_MATCH = YES;
				COPY_PHASE_STRIP = NO;
				DEBUG_INFORMATION_FORMAT = dwarf;
				ENABLE_STRICT_OBJC_MSGSEND = YES;
				ENABLE_TESTABILITY = YES;
				GCC_C_LANGUAGE_STANDARD = gnu11;
				GCC_DYNAMIC_NO_PIC = NO;
				GCC_NO_COMMON_BLOCKS = YES;
				GCC_OPTIMIZATION_LEVEL = 0;
				GCC_PREPROCESSOR_DEFINITIONS = (
					"DEBUG=1",
					"$(inherited)",
				);
				GCC_WARN_64_TO_32_BIT_CONVERSION = YES;
				GCC_WARN_ABOUT_RETURN_TYPE = YES_ERROR;
				GCC_WARN_UNDECLARED_SELECTOR = YES;
				GCC_WARN_UNINITIALIZED_AUTOS = YES_AGGRESSIVE;
				GCC_WARN_UNUSED_FUNCTION = YES;
				GCC_WARN_UNUSED_VARIABLE = YES;
				IPHONEOS_DEPLOYMENT_TARGET = 15.4;
				MTL_ENABLE_DEBUG_INFO = INCLUDE_SOURCE;
				MTL_FAST_MATH = YES;
				ONLY_ACTIVE_ARCH = YES;
				SDKROOT = iphoneos;
				SWIFT_ACTIVE_COMPILATION_CONDITIONS = DEBUG;
				SWIFT_OPTIMIZATION_LEVEL = "-Onone";
			};
			name = Debug;
		};
		3F40466C2895D09000A1A3E0 /* Release */ = {
			isa = XCBuildConfiguration;
			buildSettings = {
				ALWAYS_SEARCH_USER_PATHS = NO;
				CLANG_ANALYZER_NONNULL = YES;
				CLANG_ANALYZER_NUMBER_OBJECT_CONVERSION = YES_AGGRESSIVE;
				CLANG_CXX_LANGUAGE_STANDARD = "gnu++17";
				CLANG_ENABLE_MODULES = YES;
				CLANG_ENABLE_OBJC_ARC = YES;
				CLANG_ENABLE_OBJC_WEAK = YES;
				CLANG_WARN_BLOCK_CAPTURE_AUTORELEASING = YES;
				CLANG_WARN_BOOL_CONVERSION = YES;
				CLANG_WARN_COMMA = YES;
				CLANG_WARN_CONSTANT_CONVERSION = YES;
				CLANG_WARN_DEPRECATED_OBJC_IMPLEMENTATIONS = YES;
				CLANG_WARN_DIRECT_OBJC_ISA_USAGE = YES_ERROR;
				CLANG_WARN_DOCUMENTATION_COMMENTS = YES;
				CLANG_WARN_EMPTY_BODY = YES;
				CLANG_WARN_ENUM_CONVERSION = YES;
				CLANG_WARN_INFINITE_RECURSION = YES;
				CLANG_WARN_INT_CONVERSION = YES;
				CLANG_WARN_NON_LITERAL_NULL_CONVERSION = YES;
				CLANG_WARN_OBJC_IMPLICIT_RETAIN_SELF = YES;
				CLANG_WARN_OBJC_LITERAL_CONVERSION = YES;
				CLANG_WARN_OBJC_ROOT_CLASS = YES_ERROR;
				CLANG_WARN_QUOTED_INCLUDE_IN_FRAMEWORK_HEADER = YES;
				CLANG_WARN_RANGE_LOOP_ANALYSIS = YES;
				CLANG_WARN_STRICT_PROTOTYPES = YES;
				CLANG_WARN_SUSPICIOUS_MOVE = YES;
				CLANG_WARN_UNGUARDED_AVAILABILITY = YES_AGGRESSIVE;
				CLANG_WARN_UNREACHABLE_CODE = YES;
				CLANG_WARN__DUPLICATE_METHOD_MATCH = YES;
				COPY_PHASE_STRIP = NO;
				DEBUG_INFORMATION_FORMAT = "dwarf-with-dsym";
				ENABLE_NS_ASSERTIONS = NO;
				ENABLE_STRICT_OBJC_MSGSEND = YES;
				GCC_C_LANGUAGE_STANDARD = gnu11;
				GCC_NO_COMMON_BLOCKS = YES;
				GCC_WARN_64_TO_32_BIT_CONVERSION = YES;
				GCC_WARN_ABOUT_RETURN_TYPE = YES_ERROR;
				GCC_WARN_UNDECLARED_SELECTOR = YES;
				GCC_WARN_UNINITIALIZED_AUTOS = YES_AGGRESSIVE;
				GCC_WARN_UNUSED_FUNCTION = YES;
				GCC_WARN_UNUSED_VARIABLE = YES;
				IPHONEOS_DEPLOYMENT_TARGET = 15.4;
				MTL_ENABLE_DEBUG_INFO = NO;
				MTL_FAST_MATH = YES;
				SDKROOT = iphoneos;
				SWIFT_COMPILATION_MODE = wholemodule;
				SWIFT_OPTIMIZATION_LEVEL = "-O";
				VALIDATE_PRODUCT = YES;
			};
			name = Release;
		};
		3F40466E2895D09000A1A3E0 /* Debug */ = {
			isa = XCBuildConfiguration;
			buildSettings = {
				ALWAYS_EMBED_SWIFT_STANDARD_LIBRARIES = YES;
				ASSETCATALOG_COMPILER_APPICON_NAME = AppIcon;
				ASSETCATALOG_COMPILER_GLOBAL_ACCENT_COLOR_NAME = AccentColor;
				CODE_SIGN_STYLE = Automatic;
				CURRENT_PROJECT_VERSION = 1;
				DEVELOPMENT_TEAM = 7MT6UF73LS;
				GENERATE_INFOPLIST_FILE = YES;
				INFOPLIST_FILE = AmazingApp/Info.plist;
				INFOPLIST_KEY_UIApplicationSupportsIndirectInputEvents = YES;
				INFOPLIST_KEY_UILaunchStoryboardName = LaunchScreen;
				INFOPLIST_KEY_UISupportedInterfaceOrientations_iPad = "UIInterfaceOrientationPortrait UIInterfaceOrientationPortraitUpsideDown UIInterfaceOrientationLandscapeLeft UIInterfaceOrientationLandscapeRight";
				INFOPLIST_KEY_UISupportedInterfaceOrientations_iPhone = "UIInterfaceOrientationPortrait UIInterfaceOrientationLandscapeLeft UIInterfaceOrientationLandscapeRight";
				LD_RUNPATH_SEARCH_PATHS = (
					"$(inherited)",
					"@executable_path/Frameworks",
				);
				MARKETING_VERSION = 1.0;
				PRODUCT_BUNDLE_IDENTIFIER = com.alysson.AmazingApp;
				PRODUCT_NAME = "$(TARGET_NAME)";
				SWIFT_EMIT_LOC_STRINGS = YES;
				SWIFT_VERSION = 5.0;
				TARGETED_DEVICE_FAMILY = "1,2";
			};
			name = Debug;
		};
		3F40466F2895D09000A1A3E0 /* Release */ = {
			isa = XCBuildConfiguration;
			buildSettings = {
				ALWAYS_EMBED_SWIFT_STANDARD_LIBRARIES = YES;
				ASSETCATALOG_COMPILER_APPICON_NAME = AppIcon;
				ASSETCATALOG_COMPILER_GLOBAL_ACCENT_COLOR_NAME = AccentColor;
				CODE_SIGN_STYLE = Automatic;
				CURRENT_PROJECT_VERSION = 1;
				DEVELOPMENT_TEAM = 7MT6UF73LS;
				GENERATE_INFOPLIST_FILE = YES;
				INFOPLIST_FILE = AmazingApp/Info.plist;
				INFOPLIST_KEY_UIApplicationSupportsIndirectInputEvents = YES;
				INFOPLIST_KEY_UILaunchStoryboardName = LaunchScreen;
				INFOPLIST_KEY_UISupportedInterfaceOrientations_iPad = "UIInterfaceOrientationPortrait UIInterfaceOrientationPortraitUpsideDown UIInterfaceOrientationLandscapeLeft UIInterfaceOrientationLandscapeRight";
				INFOPLIST_KEY_UISupportedInterfaceOrientations_iPhone = "UIInterfaceOrientationPortrait UIInterfaceOrientationLandscapeLeft UIInterfaceOrientationLandscapeRight";
				LD_RUNPATH_SEARCH_PATHS = (
					"$(inherited)",
					"@executable_path/Frameworks",
				);
				MARKETING_VERSION = 1.0;
				PRODUCT_BUNDLE_IDENTIFIER = com.alysson.AmazingApp;
				PRODUCT_NAME = "$(TARGET_NAME)";
				SWIFT_EMIT_LOC_STRINGS = YES;
				SWIFT_VERSION = 5.0;
				TARGETED_DEVICE_FAMILY = "1,2";
			};
			name = Release;
		};
		3F4046712895D09000A1A3E0 /* Debug */ = {
			isa = XCBuildConfiguration;
			buildSettings = {
				ALWAYS_EMBED_SWIFT_STANDARD_LIBRARIES = YES;
				BUNDLE_LOADER = "$(TEST_HOST)";
				CODE_SIGN_STYLE = Automatic;
				CURRENT_PROJECT_VERSION = 1;
				DEVELOPMENT_TEAM = 7MT6UF73LS;
				GENERATE_INFOPLIST_FILE = YES;
				IPHONEOS_DEPLOYMENT_TARGET = 15.4;
				MARKETING_VERSION = 1.0;
				PRODUCT_BUNDLE_IDENTIFIER = com.alysson.AmazingAppTests;
				PRODUCT_NAME = "$(TARGET_NAME)";
				SWIFT_EMIT_LOC_STRINGS = NO;
				SWIFT_VERSION = 5.0;
				TARGETED_DEVICE_FAMILY = "1,2";
				TEST_HOST = "$(BUILT_PRODUCTS_DIR)/AmazingApp.app/AmazingApp";
			};
			name = Debug;
		};
		3F4046722895D09000A1A3E0 /* Release */ = {
			isa = XCBuildConfiguration;
			buildSettings = {
				ALWAYS_EMBED_SWIFT_STANDARD_LIBRARIES = YES;
				BUNDLE_LOADER = "$(TEST_HOST)";
				CODE_SIGN_STYLE = Automatic;
				CURRENT_PROJECT_VERSION = 1;
				DEVELOPMENT_TEAM = 7MT6UF73LS;
				GENERATE_INFOPLIST_FILE = YES;
				IPHONEOS_DEPLOYMENT_TARGET = 15.4;
				MARKETING_VERSION = 1.0;
				PRODUCT_BUNDLE_IDENTIFIER = com.alysson.AmazingAppTests;
				PRODUCT_NAME = "$(TARGET_NAME)";
				SWIFT_EMIT_LOC_STRINGS = NO;
				SWIFT_VERSION = 5.0;
				TARGETED_DEVICE_FAMILY = "1,2";
				TEST_HOST = "$(BUILT_PRODUCTS_DIR)/AmazingApp.app/AmazingApp";
			};
			name = Release;
		};
		3F4046912895D69C00A1A3E0 /* Debug */ = {
			isa = XCBuildConfiguration;
			buildSettings = {
				CLANG_ENABLE_MODULES = YES;
				CODE_SIGN_STYLE = Automatic;
				CURRENT_PROJECT_VERSION = 1;
				DEFINES_MODULE = YES;
				DEVELOPMENT_TEAM = 7MT6UF73LS;
				DYLIB_COMPATIBILITY_VERSION = 1;
				DYLIB_CURRENT_VERSION = 1;
				DYLIB_INSTALL_NAME_BASE = "@rpath";
				GENERATE_INFOPLIST_FILE = YES;
				INFOPLIST_KEY_NSHumanReadableCopyright = "";
				INSTALL_PATH = "$(LOCAL_LIBRARY_DIR)/Frameworks";
				LD_RUNPATH_SEARCH_PATHS = (
					"$(inherited)",
					"@executable_path/Frameworks",
					"@loader_path/Frameworks",
				);
				MARKETING_VERSION = 1.0;
				PRODUCT_BUNDLE_IDENTIFIER = com.alysson.AmazingNetwork;
				PRODUCT_NAME = "$(TARGET_NAME:c99extidentifier)";
				SKIP_INSTALL = YES;
				SWIFT_EMIT_LOC_STRINGS = YES;
				SWIFT_OPTIMIZATION_LEVEL = "-Onone";
				SWIFT_VERSION = 5.0;
				TARGETED_DEVICE_FAMILY = "1,2";
				VERSIONING_SYSTEM = "apple-generic";
				VERSION_INFO_PREFIX = "";
			};
			name = Debug;
		};
		3F4046922895D69C00A1A3E0 /* Release */ = {
			isa = XCBuildConfiguration;
			buildSettings = {
				CLANG_ENABLE_MODULES = YES;
				CODE_SIGN_STYLE = Automatic;
				CURRENT_PROJECT_VERSION = 1;
				DEFINES_MODULE = YES;
				DEVELOPMENT_TEAM = 7MT6UF73LS;
				DYLIB_COMPATIBILITY_VERSION = 1;
				DYLIB_CURRENT_VERSION = 1;
				DYLIB_INSTALL_NAME_BASE = "@rpath";
				GENERATE_INFOPLIST_FILE = YES;
				INFOPLIST_KEY_NSHumanReadableCopyright = "";
				INSTALL_PATH = "$(LOCAL_LIBRARY_DIR)/Frameworks";
				LD_RUNPATH_SEARCH_PATHS = (
					"$(inherited)",
					"@executable_path/Frameworks",
					"@loader_path/Frameworks",
				);
				MARKETING_VERSION = 1.0;
				PRODUCT_BUNDLE_IDENTIFIER = com.alysson.AmazingNetwork;
				PRODUCT_NAME = "$(TARGET_NAME:c99extidentifier)";
				SKIP_INSTALL = YES;
				SWIFT_EMIT_LOC_STRINGS = YES;
				SWIFT_VERSION = 5.0;
				TARGETED_DEVICE_FAMILY = "1,2";
				VERSIONING_SYSTEM = "apple-generic";
				VERSION_INFO_PREFIX = "";
			};
			name = Release;
		};
		3F4046932895D69C00A1A3E0 /* Debug */ = {
			isa = XCBuildConfiguration;
			buildSettings = {
				ALWAYS_EMBED_SWIFT_STANDARD_LIBRARIES = YES;
				CODE_SIGN_STYLE = Automatic;
				CURRENT_PROJECT_VERSION = 1;
				DEVELOPMENT_TEAM = 7MT6UF73LS;
				GENERATE_INFOPLIST_FILE = YES;
				MARKETING_VERSION = 1.0;
				PRODUCT_BUNDLE_IDENTIFIER = com.alysson.AmazingNetworkTests;
				PRODUCT_NAME = "$(TARGET_NAME)";
				SWIFT_EMIT_LOC_STRINGS = NO;
				SWIFT_VERSION = 5.0;
				TARGETED_DEVICE_FAMILY = "1,2";
				TEST_HOST = "$(BUILT_PRODUCTS_DIR)/AmazingApp.app/AmazingApp";
			};
			name = Debug;
		};
		3F4046942895D69C00A1A3E0 /* Release */ = {
			isa = XCBuildConfiguration;
			buildSettings = {
				ALWAYS_EMBED_SWIFT_STANDARD_LIBRARIES = YES;
				CODE_SIGN_STYLE = Automatic;
				CURRENT_PROJECT_VERSION = 1;
				DEVELOPMENT_TEAM = 7MT6UF73LS;
				GENERATE_INFOPLIST_FILE = YES;
				MARKETING_VERSION = 1.0;
				PRODUCT_BUNDLE_IDENTIFIER = com.alysson.AmazingNetworkTests;
				PRODUCT_NAME = "$(TARGET_NAME)";
				SWIFT_EMIT_LOC_STRINGS = NO;
				SWIFT_VERSION = 5.0;
				TARGETED_DEVICE_FAMILY = "1,2";
				TEST_HOST = "$(BUILT_PRODUCTS_DIR)/AmazingApp.app/AmazingApp";
			};
			name = Release;
		};
/* End XCBuildConfiguration section */

/* Begin XCConfigurationList section */
		3F40463E2895D08E00A1A3E0 /* Build configuration list for PBXProject "AmazingApp" */ = {
			isa = XCConfigurationList;
			buildConfigurations = (
				3F40466B2895D09000A1A3E0 /* Debug */,
				3F40466C2895D09000A1A3E0 /* Release */,
			);
			defaultConfigurationIsVisible = 0;
			defaultConfigurationName = Release;
		};
		3F40466D2895D09000A1A3E0 /* Build configuration list for PBXNativeTarget "AmazingApp" */ = {
			isa = XCConfigurationList;
			buildConfigurations = (
				3F40466E2895D09000A1A3E0 /* Debug */,
				3F40466F2895D09000A1A3E0 /* Release */,
			);
			defaultConfigurationIsVisible = 0;
			defaultConfigurationName = Release;
		};
		3F4046702895D09000A1A3E0 /* Build configuration list for PBXNativeTarget "AmazingAppTests" */ = {
			isa = XCConfigurationList;
			buildConfigurations = (
				3F4046712895D09000A1A3E0 /* Debug */,
				3F4046722895D09000A1A3E0 /* Release */,
			);
			defaultConfigurationIsVisible = 0;
			defaultConfigurationName = Release;
		};
		3F4046952895D69C00A1A3E0 /* Build configuration list for PBXNativeTarget "AmazingNetwork" */ = {
			isa = XCConfigurationList;
			buildConfigurations = (
				3F4046912895D69C00A1A3E0 /* Debug */,
				3F4046922895D69C00A1A3E0 /* Release */,
			);
			defaultConfigurationIsVisible = 0;
			defaultConfigurationName = Release;
		};
		3F4046962895D69C00A1A3E0 /* Build configuration list for PBXNativeTarget "AmazingNetworkTests" */ = {
			isa = XCConfigurationList;
			buildConfigurations = (
				3F4046932895D69C00A1A3E0 /* Debug */,
				3F4046942895D69C00A1A3E0 /* Release */,
			);
			defaultConfigurationIsVisible = 0;
			defaultConfigurationName = Release;
		};
/* End XCConfigurationList section */
	};
	rootObject = 3F40463B2895D08E00A1A3E0 /* Project object */;
}
